
Microsoft Visual Studio Solution File, Format Version 12.00
# Visual Studio Version 16
VisualStudioVersion = 16.0.31321.278
MinimumVisualStudioVersion = 10.0.40219.1
Project("{FAE04EC0-301F-11D3-BF4B-00C04F79EFBC}") = "Simulation-12", "Simulation-12\Simulation-12.csproj", "{51358D8E-3A50-47B7-A757-4E301C9D9E83}"
EndProject
Global
	GlobalSection(SolutionConfigurationPlatforms) = preSolution
		Debug|Any CPU = Debug|Any CPU
		Release|Any CPU = Release|Any CPU
	EndGlobalSection
	GlobalSection(ProjectConfigurationPlatforms) = postSolution
		{51358D8E-3A50-47B7-A757-4E301C9D9E83}.Debug|Any CPU.ActiveCfg = Debug|Any CPU
		{51358D8E-3A50-47B7-A757-4E301C9D9E83}.Debug|Any CPU.Build.0 = Debug|Any CPU
		{51358D8E-3A50-47B7-A757-4E301C9D9E83}.Release|Any CPU.ActiveCfg = Release|Any CPU
		{51358D8E-3A50-47B7-A757-4E301C9D9E83}.Release|Any CPU.Build.0 = Release|Any CPU
	EndGlobalSection
	GlobalSection(SolutionProperties) = preSolution
		HideSolutionNode = FALSE
	EndGlobalSection
	GlobalSection(ExtensibilityGlobals) = postSolution
		SolutionGuid = {7A2B51DF-C0D7-4EC3-9DAF-2443B060232C}
	EndGlobalSection
EndGlobal
